// !$*UTF8*$!
{
	archiveVersion = 1;
	classes = {
	};
	objectVersion = 46;
	objects = {

/* Begin PBXBuildFile section */
		5C2079EF1CCF7DB0007A5F21 /* main.m in Sources */ = {isa = PBXBuildFile; fileRef = 5C2079EE1CCF7DB0007A5F21 /* main.m */; };
		5C2079F21CCF7DB0007A5F21 /* AppDelegate.m in Sources */ = {isa = PBXBuildFile; fileRef = 5C2079F11CCF7DB0007A5F21 /* AppDelegate.m */; };
		5C2079F81CCF7DB0007A5F21 /* Main.storyboard in Resources */ = {isa = PBXBuildFile; fileRef = 5C2079F61CCF7DB0007A5F21 /* Main.storyboard */; };
		5C2079FA1CCF7DB0007A5F21 /* Assets.xcassets in Resources */ = {isa = PBXBuildFile; fileRef = 5C2079F91CCF7DB0007A5F21 /* Assets.xcassets */; };
		5C2079FD1CCF7DB0007A5F21 /* LaunchScreen.storyboard in Resources */ = {isa = PBXBuildFile; fileRef = 5C2079FB1CCF7DB0007A5F21 /* LaunchScreen.storyboard */; };
		5C207A061CCF8048007A5F21 /* CocoaAsyncSocket.framework in Frameworks */ = {isa = PBXBuildFile; fileRef = 5C207A041CCF7DDA007A5F21 /* CocoaAsyncSocket.framework */; };
		5C73603E1CF47553008DD6B5 /* CoreAudio.framework in Frameworks */ = {isa = PBXBuildFile; fileRef = 5C73603C1CF47553008DD6B5 /* CoreAudio.framework */; };
		5C73603F1CF47553008DD6B5 /* CoreAudioKit.framework in Frameworks */ = {isa = PBXBuildFile; fileRef = 5C73603D1CF47553008DD6B5 /* CoreAudioKit.framework */; };
		5C8CE3701CDB13DB00EE532F /* AVFoundation.framework in Frameworks */ = {isa = PBXBuildFile; fileRef = 5C8CE36F1CDB13DB00EE532F /* AVFoundation.framework */; };
		5C8CE3751CDB8CD400EE532F /* AudioToolbox.framework in Frameworks */ = {isa = PBXBuildFile; fileRef = 5C8CE3741CDB8CD300EE532F /* AudioToolbox.framework */; };
		A596D4E8BF31DBC4183CC413 /* Pods_SocketTest_walkieTalkie.framework in Frameworks */ = {isa = PBXBuildFile; fileRef = 2AF322D7CC7055B4FE84F5E3 /* Pods_SocketTest_walkieTalkie.framework */; };
		B23797771D0FD1B200F9F5A7 /* ChatViewController.m in Sources */ = {isa = PBXBuildFile; fileRef = B237976A1D0FD1B200F9F5A7 /* ChatViewController.m */; };
		B23797781D0FD1B200F9F5A7 /* CreateChannelViewController.m in Sources */ = {isa = PBXBuildFile; fileRef = B237976D1D0FD1B200F9F5A7 /* CreateChannelViewController.m */; };
		B23797791D0FD1B200F9F5A7 /* JoinChannelViewController.m in Sources */ = {isa = PBXBuildFile; fileRef = B23797701D0FD1B200F9F5A7 /* JoinChannelViewController.m */; };
		B237977A1D0FD1B200F9F5A7 /* StartPageViewController.m in Sources */ = {isa = PBXBuildFile; fileRef = B23797741D0FD1B200F9F5A7 /* StartPageViewController.m */; };
		B237979F1D0FD4D900F9F5A7 /* channelMemberActivityTableViewCell.m in Sources */ = {isa = PBXBuildFile; fileRef = B237979A1D0FD4D900F9F5A7 /* channelMemberActivityTableViewCell.m */; };
		B23797A01D0FD4D900F9F5A7 /* IncomingMessageCell.m in Sources */ = {isa = PBXBuildFile; fileRef = B237979C1D0FD4D900F9F5A7 /* IncomingMessageCell.m */; };
		B23797A11D0FD4D900F9F5A7 /* OutGoingMessagesCell.m in Sources */ = {isa = PBXBuildFile; fileRef = B237979E1D0FD4D900F9F5A7 /* OutGoingMessagesCell.m */; };
		B23797AF1D0FD56B00F9F5A7 /* AudioFileHandler.m in Sources */ = {isa = PBXBuildFile; fileRef = B23797A51D0FD56B00F9F5A7 /* AudioFileHandler.m */; };
		B23797B01D0FD56B00F9F5A7 /* ChannelHandler.m in Sources */ = {isa = PBXBuildFile; fileRef = B23797A81D0FD56B00F9F5A7 /* ChannelHandler.m */; };
		B23797B11D0FD56B00F9F5A7 /* ChatHandler.m in Sources */ = {isa = PBXBuildFile; fileRef = B23797AB1D0FD56B00F9F5A7 /* ChatHandler.m */; };
		B23797B21D0FD56B00F9F5A7 /* MessageHandler.m in Sources */ = {isa = PBXBuildFile; fileRef = B23797AE1D0FD56B00F9F5A7 /* MessageHandler.m */; };
		B23797B91D0FD5AA00F9F5A7 /* asyncTCPConnectionHandler.m in Sources */ = {isa = PBXBuildFile; fileRef = B23797B51D0FD5AA00F9F5A7 /* asyncTCPConnectionHandler.m */; };
		B23797BA1D0FD5AA00F9F5A7 /* asyncUDPConnectionHandler.m in Sources */ = {isa = PBXBuildFile; fileRef = B23797B81D0FD5AA00F9F5A7 /* asyncUDPConnectionHandler.m */; };
		B23797C01D0FD6BA00F9F5A7 /* AudioRecorderTest.m in Sources */ = {isa = PBXBuildFile; fileRef = B23797BD1D0FD6BA00F9F5A7 /* AudioRecorderTest.m */; };
		B23797C11D0FD6BA00F9F5A7 /* AudioRecorderTest_StreamPlayer.m in Sources */ = {isa = PBXBuildFile; fileRef = B23797BF1D0FD6BA00F9F5A7 /* AudioRecorderTest_StreamPlayer.m */; };
		B23797C71D0FD6E500F9F5A7 /* VoiceStreamHandler.m in Sources */ = {isa = PBXBuildFile; fileRef = B23797C41D0FD6E500F9F5A7 /* VoiceStreamHandler.m */; };
		B23797C81D0FD6E500F9F5A7 /* VoiceStreamPlayerHandler.m in Sources */ = {isa = PBXBuildFile; fileRef = B23797C61D0FD6E500F9F5A7 /* VoiceStreamPlayerHandler.m */; };
		B23797D31D0FD78500F9F5A7 /* Channel.m in Sources */ = {isa = PBXBuildFile; fileRef = B23797CC1D0FD78500F9F5A7 /* Channel.m */; };
		B23797D41D0FD78500F9F5A7 /* MessageData.m in Sources */ = {isa = PBXBuildFile; fileRef = B23797CE1D0FD78500F9F5A7 /* MessageData.m */; };
		B23797D51D0FD78500F9F5A7 /* User.m in Sources */ = {isa = PBXBuildFile; fileRef = B23797D01D0FD78500F9F5A7 /* User.m */; };
		B23797D61D0FD78500F9F5A7 /* UserDataModel.m in Sources */ = {isa = PBXBuildFile; fileRef = B23797D21D0FD78500F9F5A7 /* UserDataModel.m */; };
		B23797DE1D0FD7CA00F9F5A7 /* ic_back.png in Resources */ = {isa = PBXBuildFile; fileRef = B23797D81D0FD7CA00F9F5A7 /* ic_back.png */; };
		B23797DF1D0FD7CA00F9F5A7 /* ic_channel_create.png in Resources */ = {isa = PBXBuildFile; fileRef = B23797D91D0FD7CA00F9F5A7 /* ic_channel_create.png */; };
		B23797E01D0FD7CA00F9F5A7 /* ic_channel_join.png in Resources */ = {isa = PBXBuildFile; fileRef = B23797DA1D0FD7CA00F9F5A7 /* ic_channel_join.png */; };
		B23797E11D0FD7CA00F9F5A7 /* ic_info.png in Resources */ = {isa = PBXBuildFile; fileRef = B23797DB1D0FD7CA00F9F5A7 /* ic_info.png */; };
		B23797E21D0FD7CA00F9F5A7 /* ic_public_channel.png in Resources */ = {isa = PBXBuildFile; fileRef = B23797DC1D0FD7CA00F9F5A7 /* ic_public_channel.png */; };
		B23797E31D0FD7CA00F9F5A7 /* SplashScreen.png in Resources */ = {isa = PBXBuildFile; fileRef = B23797DD1D0FD7CA00F9F5A7 /* SplashScreen.png */; };
		B23797E81D1129FE00F9F5A7 /* ContactListVC.m in Sources */ = {isa = PBXBuildFile; fileRef = B23797E71D1129FE00F9F5A7 /* ContactListVC.m */; };
		B24087171D1A809300CD3341 /* AssetsLibrary.framework in Frameworks */ = {isa = PBXBuildFile; fileRef = B24087161D1A809300CD3341 /* AssetsLibrary.framework */; };
		B240958A1D17EE2A0040DE16 /* ChannelManager.m in Sources */ = {isa = PBXBuildFile; fileRef = B24095891D17EE2A0040DE16 /* ChannelManager.m */; };
		B2507A4B1D1D36DC007921E8 /* MessageView.m in Sources */ = {isa = PBXBuildFile; fileRef = B2507A451D1D36DB007921E8 /* MessageView.m */; };
		B2507A4C1D1D36DC007921E8 /* ImageView.m in Sources */ = {isa = PBXBuildFile; fileRef = B2507A471D1D36DB007921E8 /* ImageView.m */; };
		B2507A4D1D1D36DC007921E8 /* ProgressView.m in Sources */ = {isa = PBXBuildFile; fileRef = B2507A491D1D36DC007921E8 /* ProgressView.m */; };
		B25F5A501D20FCCA00C37B9F /* ProgressObserver.m in Sources */ = {isa = PBXBuildFile; fileRef = B25F5A4F1D20FCCA00C37B9F /* ProgressObserver.m */; };
		B273E9351D190B160045020C /* FileHandler.m in Sources */ = {isa = PBXBuildFile; fileRef = B273E9341D190B160045020C /* FileHandler.m */; };
		B2FBD3FF1D113BF700AC2495 /* UserHandler.m in Sources */ = {isa = PBXBuildFile; fileRef = B2FBD3FE1D113BF700AC2495 /* UserHandler.m */; };
		B2FBD4021D1156DA00AC2495 /* ContactListTVC.m in Sources */ = {isa = PBXBuildFile; fileRef = B2FBD4011D1156DA00AC2495 /* ContactListTVC.m */; };
/* End PBXBuildFile section */

/* Begin PBXCopyFilesBuildPhase section */
		5C207A081CCF8048007A5F21 /* Embed Frameworks */ = {
			isa = PBXCopyFilesBuildPhase;
			buildActionMask = 2147483647;
			dstPath = "";
			dstSubfolderSpec = 10;
			files = (
			);
			name = "Embed Frameworks";
			runOnlyForDeploymentPostprocessing = 0;
		};
/* End PBXCopyFilesBuildPhase section */

/* Begin PBXFileReference section */
		2AF322D7CC7055B4FE84F5E3 /* Pods_SocketTest_walkieTalkie.framework */ = {isa = PBXFileReference; explicitFileType = wrapper.framework; includeInIndex = 0; path = Pods_SocketTest_walkieTalkie.framework; sourceTree = BUILT_PRODUCTS_DIR; };
		5C12E1641CE4368800F0EE61 /* Wallet.app */ = {isa = PBXFileReference; explicitFileType = wrapper.application; includeInIndex = 0; path = Wallet.app; sourceTree = BUILT_PRODUCTS_DIR; };
		5C2079EA1CCF7DB0007A5F21 /* WalkieTalkie.app */ = {isa = PBXFileReference; explicitFileType = wrapper.application; includeInIndex = 0; path = WalkieTalkie.app; sourceTree = BUILT_PRODUCTS_DIR; };
		5C2079EE1CCF7DB0007A5F21 /* main.m */ = {isa = PBXFileReference; lastKnownFileType = sourcecode.c.objc; path = main.m; sourceTree = "<group>"; };
		5C2079F01CCF7DB0007A5F21 /* AppDelegate.h */ = {isa = PBXFileReference; lastKnownFileType = sourcecode.c.h; path = AppDelegate.h; sourceTree = "<group>"; };
		5C2079F11CCF7DB0007A5F21 /* AppDelegate.m */ = {isa = PBXFileReference; lastKnownFileType = sourcecode.c.objc; path = AppDelegate.m; sourceTree = "<group>"; };
		5C2079F71CCF7DB0007A5F21 /* Base */ = {isa = PBXFileReference; lastKnownFileType = file.storyboard; name = Base; path = Base.lproj/Main.storyboard; sourceTree = "<group>"; };
		5C2079F91CCF7DB0007A5F21 /* Assets.xcassets */ = {isa = PBXFileReference; lastKnownFileType = folder.assetcatalog; name = Assets.xcassets; path = ../Assets.xcassets; sourceTree = "<group>"; };
		5C2079FC1CCF7DB0007A5F21 /* Base */ = {isa = PBXFileReference; lastKnownFileType = file.storyboard; name = Base; path = Base.lproj/LaunchScreen.storyboard; sourceTree = "<group>"; };
		5C2079FE1CCF7DB0007A5F21 /* Info.plist */ = {isa = PBXFileReference; lastKnownFileType = text.plist.xml; path = Info.plist; sourceTree = "<group>"; };
		5C207A041CCF7DDA007A5F21 /* CocoaAsyncSocket.framework */ = {isa = PBXFileReference; lastKnownFileType = wrapper.framework; name = CocoaAsyncSocket.framework; path = "/Users/salahuddin_siliconOrchard/OnGoing Projects/WalkieTalkie_iOS/SocketTest_walkieTalkie/SocketTest_walkieTalkie/AsyncSocket/CocoaAsyncSocket.framework"; sourceTree = "<absolute>"; };
		5C73603C1CF47553008DD6B5 /* CoreAudio.framework */ = {isa = PBXFileReference; lastKnownFileType = wrapper.framework; name = CoreAudio.framework; path = System/Library/Frameworks/CoreAudio.framework; sourceTree = SDKROOT; };
		5C73603D1CF47553008DD6B5 /* CoreAudioKit.framework */ = {isa = PBXFileReference; lastKnownFileType = wrapper.framework; name = CoreAudioKit.framework; path = System/Library/Frameworks/CoreAudioKit.framework; sourceTree = SDKROOT; };
		5C8CE3451CD0C1C900EE532F /* Constants.h */ = {isa = PBXFileReference; lastKnownFileType = sourcecode.c.h; path = Constants.h; sourceTree = "<group>"; };
		5C8CE36F1CDB13DB00EE532F /* AVFoundation.framework */ = {isa = PBXFileReference; lastKnownFileType = wrapper.framework; name = AVFoundation.framework; path = System/Library/Frameworks/AVFoundation.framework; sourceTree = SDKROOT; };
		5C8CE3741CDB8CD300EE532F /* AudioToolbox.framework */ = {isa = PBXFileReference; lastKnownFileType = wrapper.framework; name = AudioToolbox.framework; path = System/Library/Frameworks/AudioToolbox.framework; sourceTree = SDKROOT; };
		B23797691D0FD1B200F9F5A7 /* ChatViewController.h */ = {isa = PBXFileReference; fileEncoding = 4; lastKnownFileType = sourcecode.c.h; path = ChatViewController.h; sourceTree = "<group>"; };
		B237976A1D0FD1B200F9F5A7 /* ChatViewController.m */ = {isa = PBXFileReference; fileEncoding = 4; lastKnownFileType = sourcecode.c.objc; path = ChatViewController.m; sourceTree = "<group>"; };
		B237976C1D0FD1B200F9F5A7 /* CreateChannelViewController.h */ = {isa = PBXFileReference; fileEncoding = 4; lastKnownFileType = sourcecode.c.h; path = CreateChannelViewController.h; sourceTree = "<group>"; };
		B237976D1D0FD1B200F9F5A7 /* CreateChannelViewController.m */ = {isa = PBXFileReference; fileEncoding = 4; lastKnownFileType = sourcecode.c.objc; path = CreateChannelViewController.m; sourceTree = "<group>"; };
		B237976F1D0FD1B200F9F5A7 /* JoinChannelViewController.h */ = {isa = PBXFileReference; fileEncoding = 4; lastKnownFileType = sourcecode.c.h; path = JoinChannelViewController.h; sourceTree = "<group>"; };
		B23797701D0FD1B200F9F5A7 /* JoinChannelViewController.m */ = {isa = PBXFileReference; fileEncoding = 4; lastKnownFileType = sourcecode.c.objc; path = JoinChannelViewController.m; sourceTree = "<group>"; };
		B23797731D0FD1B200F9F5A7 /* StartPageViewController.h */ = {isa = PBXFileReference; fileEncoding = 4; lastKnownFileType = sourcecode.c.h; path = StartPageViewController.h; sourceTree = "<group>"; };
		B23797741D0FD1B200F9F5A7 /* StartPageViewController.m */ = {isa = PBXFileReference; fileEncoding = 4; lastKnownFileType = sourcecode.c.objc; path = StartPageViewController.m; sourceTree = "<group>"; };
		B23797991D0FD4D900F9F5A7 /* channelMemberActivityTableViewCell.h */ = {isa = PBXFileReference; fileEncoding = 4; lastKnownFileType = sourcecode.c.h; path = channelMemberActivityTableViewCell.h; sourceTree = "<group>"; };
		B237979A1D0FD4D900F9F5A7 /* channelMemberActivityTableViewCell.m */ = {isa = PBXFileReference; fileEncoding = 4; lastKnownFileType = sourcecode.c.objc; path = channelMemberActivityTableViewCell.m; sourceTree = "<group>"; };
		B237979B1D0FD4D900F9F5A7 /* IncomingMessageCell.h */ = {isa = PBXFileReference; fileEncoding = 4; lastKnownFileType = sourcecode.c.h; path = IncomingMessageCell.h; sourceTree = "<group>"; };
		B237979C1D0FD4D900F9F5A7 /* IncomingMessageCell.m */ = {isa = PBXFileReference; fileEncoding = 4; lastKnownFileType = sourcecode.c.objc; path = IncomingMessageCell.m; sourceTree = "<group>"; };
		B237979D1D0FD4D900F9F5A7 /* OutGoingMessagesCell.h */ = {isa = PBXFileReference; fileEncoding = 4; lastKnownFileType = sourcecode.c.h; path = OutGoingMessagesCell.h; sourceTree = "<group>"; };
		B237979E1D0FD4D900F9F5A7 /* OutGoingMessagesCell.m */ = {isa = PBXFileReference; fileEncoding = 4; lastKnownFileType = sourcecode.c.objc; path = OutGoingMessagesCell.m; sourceTree = "<group>"; };
		B23797A41D0FD56B00F9F5A7 /* AudioFileHandler.h */ = {isa = PBXFileReference; fileEncoding = 4; lastKnownFileType = sourcecode.c.h; path = AudioFileHandler.h; sourceTree = "<group>"; };
		B23797A51D0FD56B00F9F5A7 /* AudioFileHandler.m */ = {isa = PBXFileReference; fileEncoding = 4; lastKnownFileType = sourcecode.c.objc; path = AudioFileHandler.m; sourceTree = "<group>"; };
		B23797A71D0FD56B00F9F5A7 /* ChannelHandler.h */ = {isa = PBXFileReference; fileEncoding = 4; lastKnownFileType = sourcecode.c.h; path = ChannelHandler.h; sourceTree = "<group>"; };
		B23797A81D0FD56B00F9F5A7 /* ChannelHandler.m */ = {isa = PBXFileReference; fileEncoding = 4; lastKnownFileType = sourcecode.c.objc; path = ChannelHandler.m; sourceTree = "<group>"; };
		B23797AA1D0FD56B00F9F5A7 /* ChatHandler.h */ = {isa = PBXFileReference; fileEncoding = 4; lastKnownFileType = sourcecode.c.h; path = ChatHandler.h; sourceTree = "<group>"; };
		B23797AB1D0FD56B00F9F5A7 /* ChatHandler.m */ = {isa = PBXFileReference; fileEncoding = 4; lastKnownFileType = sourcecode.c.objc; path = ChatHandler.m; sourceTree = "<group>"; };
		B23797AD1D0FD56B00F9F5A7 /* MessageHandler.h */ = {isa = PBXFileReference; fileEncoding = 4; lastKnownFileType = sourcecode.c.h; path = MessageHandler.h; sourceTree = "<group>"; };
		B23797AE1D0FD56B00F9F5A7 /* MessageHandler.m */ = {isa = PBXFileReference; fileEncoding = 4; lastKnownFileType = sourcecode.c.objc; path = MessageHandler.m; sourceTree = "<group>"; };
		B23797B41D0FD5AA00F9F5A7 /* asyncTCPConnectionHandler.h */ = {isa = PBXFileReference; fileEncoding = 4; lastKnownFileType = sourcecode.c.h; path = asyncTCPConnectionHandler.h; sourceTree = "<group>"; };
		B23797B51D0FD5AA00F9F5A7 /* asyncTCPConnectionHandler.m */ = {isa = PBXFileReference; fileEncoding = 4; lastKnownFileType = sourcecode.c.objc; path = asyncTCPConnectionHandler.m; sourceTree = "<group>"; };
		B23797B71D0FD5AA00F9F5A7 /* asyncUDPConnectionHandler.h */ = {isa = PBXFileReference; fileEncoding = 4; lastKnownFileType = sourcecode.c.h; path = asyncUDPConnectionHandler.h; sourceTree = "<group>"; };
		B23797B81D0FD5AA00F9F5A7 /* asyncUDPConnectionHandler.m */ = {isa = PBXFileReference; fileEncoding = 4; lastKnownFileType = sourcecode.c.objc; path = asyncUDPConnectionHandler.m; sourceTree = "<group>"; };
		B23797BC1D0FD6BA00F9F5A7 /* AudioRecorderTest.h */ = {isa = PBXFileReference; fileEncoding = 4; lastKnownFileType = sourcecode.c.h; path = AudioRecorderTest.h; sourceTree = "<group>"; };
		B23797BD1D0FD6BA00F9F5A7 /* AudioRecorderTest.m */ = {isa = PBXFileReference; fileEncoding = 4; lastKnownFileType = sourcecode.c.objc; path = AudioRecorderTest.m; sourceTree = "<group>"; };
		B23797BE1D0FD6BA00F9F5A7 /* AudioRecorderTest_StreamPlayer.h */ = {isa = PBXFileReference; fileEncoding = 4; lastKnownFileType = sourcecode.c.h; path = AudioRecorderTest_StreamPlayer.h; sourceTree = "<group>"; };
		B23797BF1D0FD6BA00F9F5A7 /* AudioRecorderTest_StreamPlayer.m */ = {isa = PBXFileReference; fileEncoding = 4; lastKnownFileType = sourcecode.c.objc; path = AudioRecorderTest_StreamPlayer.m; sourceTree = "<group>"; };
		B23797C31D0FD6E500F9F5A7 /* VoiceStreamHandler.h */ = {isa = PBXFileReference; fileEncoding = 4; lastKnownFileType = sourcecode.c.h; path = VoiceStreamHandler.h; sourceTree = "<group>"; };
		B23797C41D0FD6E500F9F5A7 /* VoiceStreamHandler.m */ = {isa = PBXFileReference; fileEncoding = 4; lastKnownFileType = sourcecode.c.objc; path = VoiceStreamHandler.m; sourceTree = "<group>"; };
		B23797C51D0FD6E500F9F5A7 /* VoiceStreamPlayerHandler.h */ = {isa = PBXFileReference; fileEncoding = 4; lastKnownFileType = sourcecode.c.h; path = VoiceStreamPlayerHandler.h; sourceTree = "<group>"; };
		B23797C61D0FD6E500F9F5A7 /* VoiceStreamPlayerHandler.m */ = {isa = PBXFileReference; fileEncoding = 4; lastKnownFileType = sourcecode.c.objc; path = VoiceStreamPlayerHandler.m; sourceTree = "<group>"; };
		B23797C91D0FD74100F9F5A7 /* walkieTalkie.pch */ = {isa = PBXFileReference; lastKnownFileType = sourcecode.c.h; path = walkieTalkie.pch; sourceTree = SOURCE_ROOT; };
		B23797CB1D0FD78500F9F5A7 /* Channel.h */ = {isa = PBXFileReference; fileEncoding = 4; lastKnownFileType = sourcecode.c.h; path = Channel.h; sourceTree = "<group>"; };
		B23797CC1D0FD78500F9F5A7 /* Channel.m */ = {isa = PBXFileReference; fileEncoding = 4; lastKnownFileType = sourcecode.c.objc; path = Channel.m; sourceTree = "<group>"; };
		B23797CD1D0FD78500F9F5A7 /* MessageData.h */ = {isa = PBXFileReference; fileEncoding = 4; lastKnownFileType = sourcecode.c.h; path = MessageData.h; sourceTree = "<group>"; };
		B23797CE1D0FD78500F9F5A7 /* MessageData.m */ = {isa = PBXFileReference; fileEncoding = 4; lastKnownFileType = sourcecode.c.objc; path = MessageData.m; sourceTree = "<group>"; };
		B23797CF1D0FD78500F9F5A7 /* User.h */ = {isa = PBXFileReference; fileEncoding = 4; lastKnownFileType = sourcecode.c.h; path = User.h; sourceTree = "<group>"; };
		B23797D01D0FD78500F9F5A7 /* User.m */ = {isa = PBXFileReference; fileEncoding = 4; lastKnownFileType = sourcecode.c.objc; path = User.m; sourceTree = "<group>"; };
		B23797D11D0FD78500F9F5A7 /* UserDataModel.h */ = {isa = PBXFileReference; fileEncoding = 4; lastKnownFileType = sourcecode.c.h; path = UserDataModel.h; sourceTree = "<group>"; };
		B23797D21D0FD78500F9F5A7 /* UserDataModel.m */ = {isa = PBXFileReference; fileEncoding = 4; lastKnownFileType = sourcecode.c.objc; path = UserDataModel.m; sourceTree = "<group>"; };
		B23797D81D0FD7CA00F9F5A7 /* ic_back.png */ = {isa = PBXFileReference; lastKnownFileType = image.png; path = ic_back.png; sourceTree = "<group>"; };
		B23797D91D0FD7CA00F9F5A7 /* ic_channel_create.png */ = {isa = PBXFileReference; lastKnownFileType = image.png; path = ic_channel_create.png; sourceTree = "<group>"; };
		B23797DA1D0FD7CA00F9F5A7 /* ic_channel_join.png */ = {isa = PBXFileReference; lastKnownFileType = image.png; path = ic_channel_join.png; sourceTree = "<group>"; };
		B23797DB1D0FD7CA00F9F5A7 /* ic_info.png */ = {isa = PBXFileReference; lastKnownFileType = image.png; path = ic_info.png; sourceTree = "<group>"; };
		B23797DC1D0FD7CA00F9F5A7 /* ic_public_channel.png */ = {isa = PBXFileReference; lastKnownFileType = image.png; path = ic_public_channel.png; sourceTree = "<group>"; };
		B23797DD1D0FD7CA00F9F5A7 /* SplashScreen.png */ = {isa = PBXFileReference; lastKnownFileType = image.png; path = SplashScreen.png; sourceTree = "<group>"; };
		B23797E41D0FD7D900F9F5A7 /* Znikomit.otf */ = {isa = PBXFileReference; lastKnownFileType = file; path = Znikomit.otf; sourceTree = "<group>"; };
		B23797E61D1129FE00F9F5A7 /* ContactListVC.h */ = {isa = PBXFileReference; fileEncoding = 4; lastKnownFileType = sourcecode.c.h; path = ContactListVC.h; sourceTree = "<group>"; };
		B23797E71D1129FE00F9F5A7 /* ContactListVC.m */ = {isa = PBXFileReference; fileEncoding = 4; lastKnownFileType = sourcecode.c.objc; path = ContactListVC.m; sourceTree = "<group>"; };
		B24087161D1A809300CD3341 /* AssetsLibrary.framework */ = {isa = PBXFileReference; lastKnownFileType = wrapper.framework; name = AssetsLibrary.framework; path = System/Library/Frameworks/AssetsLibrary.framework; sourceTree = SDKROOT; };
		B24095881D17EE2A0040DE16 /* ChannelManager.h */ = {isa = PBXFileReference; fileEncoding = 4; lastKnownFileType = sourcecode.c.h; path = ChannelManager.h; sourceTree = "<group>"; };
		B24095891D17EE2A0040DE16 /* ChannelManager.m */ = {isa = PBXFileReference; fileEncoding = 4; lastKnownFileType = sourcecode.c.objc; path = ChannelManager.m; sourceTree = "<group>"; };
		B2507A451D1D36DB007921E8 /* MessageView.m */ = {isa = PBXFileReference; fileEncoding = 4; lastKnownFileType = sourcecode.c.objc; path = MessageView.m; sourceTree = "<group>"; };
		B2507A461D1D36DB007921E8 /* MessageView.h */ = {isa = PBXFileReference; fileEncoding = 4; lastKnownFileType = sourcecode.c.h; path = MessageView.h; sourceTree = "<group>"; };
		B2507A471D1D36DB007921E8 /* ImageView.m */ = {isa = PBXFileReference; fileEncoding = 4; lastKnownFileType = sourcecode.c.objc; path = ImageView.m; sourceTree = "<group>"; };
		B2507A481D1D36DC007921E8 /* ImageView.h */ = {isa = PBXFileReference; fileEncoding = 4; lastKnownFileType = sourcecode.c.h; path = ImageView.h; sourceTree = "<group>"; };
		B2507A491D1D36DC007921E8 /* ProgressView.m */ = {isa = PBXFileReference; fileEncoding = 4; lastKnownFileType = sourcecode.c.objc; path = ProgressView.m; sourceTree = "<group>"; };
		B2507A4A1D1D36DC007921E8 /* ProgressView.h */ = {isa = PBXFileReference; fileEncoding = 4; lastKnownFileType = sourcecode.c.h; path = ProgressView.h; sourceTree = "<group>"; };
		B25F5A4E1D20FCCA00C37B9F /* ProgressObserver.h */ = {isa = PBXFileReference; fileEncoding = 4; lastKnownFileType = sourcecode.c.h; path = ProgressObserver.h; sourceTree = "<group>"; };
		B25F5A4F1D20FCCA00C37B9F /* ProgressObserver.m */ = {isa = PBXFileReference; fileEncoding = 4; lastKnownFileType = sourcecode.c.objc; path = ProgressObserver.m; sourceTree = "<group>"; };
		B273E9331D190B160045020C /* FileHandler.h */ = {isa = PBXFileReference; fileEncoding = 4; lastKnownFileType = sourcecode.c.h; path = FileHandler.h; sourceTree = "<group>"; };
		B273E9341D190B160045020C /* FileHandler.m */ = {isa = PBXFileReference; fileEncoding = 4; lastKnownFileType = sourcecode.c.objc; path = FileHandler.m; sourceTree = "<group>"; };
		B2FBD3FD1D113BF700AC2495 /* UserHandler.h */ = {isa = PBXFileReference; fileEncoding = 4; lastKnownFileType = sourcecode.c.h; path = UserHandler.h; sourceTree = "<group>"; };
		B2FBD3FE1D113BF700AC2495 /* UserHandler.m */ = {isa = PBXFileReference; fileEncoding = 4; lastKnownFileType = sourcecode.c.objc; path = UserHandler.m; sourceTree = "<group>"; };
		B2FBD4001D1156DA00AC2495 /* ContactListTVC.h */ = {isa = PBXFileReference; fileEncoding = 4; lastKnownFileType = sourcecode.c.h; path = ContactListTVC.h; sourceTree = "<group>"; };
		B2FBD4011D1156DA00AC2495 /* ContactListTVC.m */ = {isa = PBXFileReference; fileEncoding = 4; lastKnownFileType = sourcecode.c.objc; path = ContactListTVC.m; sourceTree = "<group>"; };
		C4EFF460277EBE1426537B4F /* Pods-SocketTest_walkieTalkie.release.xcconfig */ = {isa = PBXFileReference; includeInIndex = 1; lastKnownFileType = text.xcconfig; name = "Pods-SocketTest_walkieTalkie.release.xcconfig"; path = "Pods/Target Support Files/Pods-SocketTest_walkieTalkie/Pods-SocketTest_walkieTalkie.release.xcconfig"; sourceTree = "<group>"; };
		FDE5C871A6A380334B15EF9D /* Pods-SocketTest_walkieTalkie.debug.xcconfig */ = {isa = PBXFileReference; includeInIndex = 1; lastKnownFileType = text.xcconfig; name = "Pods-SocketTest_walkieTalkie.debug.xcconfig"; path = "Pods/Target Support Files/Pods-SocketTest_walkieTalkie/Pods-SocketTest_walkieTalkie.debug.xcconfig"; sourceTree = "<group>"; };
/* End PBXFileReference section */

/* Begin PBXFrameworksBuildPhase section */
		5C12E1611CE4368800F0EE61 /* Frameworks */ = {
			isa = PBXFrameworksBuildPhase;
			buildActionMask = 2147483647;
			files = (
			);
			runOnlyForDeploymentPostprocessing = 0;
		};
		5C2079E71CCF7DB0007A5F21 /* Frameworks */ = {
			isa = PBXFrameworksBuildPhase;
			buildActionMask = 2147483647;
			files = (
				B24087171D1A809300CD3341 /* AssetsLibrary.framework in Frameworks */,
				5C73603E1CF47553008DD6B5 /* CoreAudio.framework in Frameworks */,
				5C73603F1CF47553008DD6B5 /* CoreAudioKit.framework in Frameworks */,
				5C8CE3751CDB8CD400EE532F /* AudioToolbox.framework in Frameworks */,
				5C8CE3701CDB13DB00EE532F /* AVFoundation.framework in Frameworks */,
				5C207A061CCF8048007A5F21 /* CocoaAsyncSocket.framework in Frameworks */,
				A596D4E8BF31DBC4183CC413 /* Pods_SocketTest_walkieTalkie.framework in Frameworks */,
			);
			runOnlyForDeploymentPostprocessing = 0;
		};
/* End PBXFrameworksBuildPhase section */

/* Begin PBXGroup section */
		098949612D42FF573319961B /* Frameworks */ = {
			isa = PBXGroup;
			children = (
				B24087161D1A809300CD3341 /* AssetsLibrary.framework */,
				5C73603C1CF47553008DD6B5 /* CoreAudio.framework */,
				5C73603D1CF47553008DD6B5 /* CoreAudioKit.framework */,
				5C8CE3741CDB8CD300EE532F /* AudioToolbox.framework */,
				5C8CE36F1CDB13DB00EE532F /* AVFoundation.framework */,
				2AF322D7CC7055B4FE84F5E3 /* Pods_SocketTest_walkieTalkie.framework */,
			);
			name = Frameworks;
			sourceTree = "<group>";
		};
		5C2079E11CCF7DB0007A5F21 = {
			isa = PBXGroup;
			children = (
				5C2079EC1CCF7DB0007A5F21 /* SocketTest_walkieTalkie */,
				5C2079EB1CCF7DB0007A5F21 /* Products */,
				EB939EF5D9CCB4A3C8A71314 /* Pods */,
				098949612D42FF573319961B /* Frameworks */,
			);
			sourceTree = "<group>";
		};
		5C2079EB1CCF7DB0007A5F21 /* Products */ = {
			isa = PBXGroup;
			children = (
				5C2079EA1CCF7DB0007A5F21 /* WalkieTalkie.app */,
				5C12E1641CE4368800F0EE61 /* Wallet.app */,
			);
			name = Products;
			sourceTree = "<group>";
		};
		5C2079EC1CCF7DB0007A5F21 /* SocketTest_walkieTalkie */ = {
			isa = PBXGroup;
			children = (
				B23797631D0FD0DE00F9F5A7 /* Models */,
				B23797971D0FD4B400F9F5A7 /* Views */,
				B23797641D0FD1B200F9F5A7 /* ViewControllers */,
				5C2079F01CCF7DB0007A5F21 /* AppDelegate.h */,
				5C2079F11CCF7DB0007A5F21 /* AppDelegate.m */,
				5C2079F61CCF7DB0007A5F21 /* Main.storyboard */,
				5C8CE3451CD0C1C900EE532F /* Constants.h */,
				B23797881D0FD38A00F9F5A7 /* Resources */,
				5C2079ED1CCF7DB0007A5F21 /* Supporting Files */,
			);
			path = SocketTest_walkieTalkie;
			sourceTree = "<group>";
		};
		5C2079ED1CCF7DB0007A5F21 /* Supporting Files */ = {
			isa = PBXGroup;
			children = (
				B23797C91D0FD74100F9F5A7 /* walkieTalkie.pch */,
				5C2079FB1CCF7DB0007A5F21 /* LaunchScreen.storyboard */,
				5C2079FE1CCF7DB0007A5F21 /* Info.plist */,
				5C2079EE1CCF7DB0007A5F21 /* main.m */,
			);
			name = "Supporting Files";
			sourceTree = "<group>";
		};
		B23797631D0FD0DE00F9F5A7 /* Models */ = {
			isa = PBXGroup;
			children = (
				B23797CA1D0FD78500F9F5A7 /* ClientDataModel */,
				B23797BB1D0FD6BA00F9F5A7 /* AudioStreamRecorderTest */,
				B23797A21D0FD52E00F9F5A7 /* Handlers */,
			);
			path = Models;
			sourceTree = "<group>";
		};
		B23797641D0FD1B200F9F5A7 /* ViewControllers */ = {
			isa = PBXGroup;
			children = (
				B23797E51D1129D500F9F5A7 /* ContactListVC */,
				B23797681D0FD1B200F9F5A7 /* ChatViewController */,
				B237976B1D0FD1B200F9F5A7 /* CreateChannelViewController */,
				B237976E1D0FD1B200F9F5A7 /* JoinChannelViewController */,
				B23797711D0FD1B200F9F5A7 /* RecordViewController */,
				B23797721D0FD1B200F9F5A7 /* StartpageViewController */,
				B23797751D0FD1B200F9F5A7 /* walkieTalkieViewController */,
			);
			path = ViewControllers;
			sourceTree = "<group>";
		};
		B23797681D0FD1B200F9F5A7 /* ChatViewController */ = {
			isa = PBXGroup;
			children = (
				B23797691D0FD1B200F9F5A7 /* ChatViewController.h */,
				B237976A1D0FD1B200F9F5A7 /* ChatViewController.m */,
			);
			path = ChatViewController;
			sourceTree = "<group>";
		};
		B237976B1D0FD1B200F9F5A7 /* CreateChannelViewController */ = {
			isa = PBXGroup;
			children = (
				B237976C1D0FD1B200F9F5A7 /* CreateChannelViewController.h */,
				B237976D1D0FD1B200F9F5A7 /* CreateChannelViewController.m */,
			);
			path = CreateChannelViewController;
			sourceTree = "<group>";
		};
		B237976E1D0FD1B200F9F5A7 /* JoinChannelViewController */ = {
			isa = PBXGroup;
			children = (
				B237976F1D0FD1B200F9F5A7 /* JoinChannelViewController.h */,
				B23797701D0FD1B200F9F5A7 /* JoinChannelViewController.m */,
			);
			path = JoinChannelViewController;
			sourceTree = "<group>";
		};
		B23797711D0FD1B200F9F5A7 /* RecordViewController */ = {
			isa = PBXGroup;
			children = (
			);
			path = RecordViewController;
			sourceTree = "<group>";
		};
		B23797721D0FD1B200F9F5A7 /* StartpageViewController */ = {
			isa = PBXGroup;
			children = (
				B23797731D0FD1B200F9F5A7 /* StartPageViewController.h */,
				B23797741D0FD1B200F9F5A7 /* StartPageViewController.m */,
			);
			path = StartpageViewController;
			sourceTree = "<group>";
		};
		B23797751D0FD1B200F9F5A7 /* walkieTalkieViewController */ = {
			isa = PBXGroup;
			children = (
			);
			path = walkieTalkieViewController;
			sourceTree = "<group>";
		};
		B23797881D0FD38A00F9F5A7 /* Resources */ = {
			isa = PBXGroup;
			children = (
				B23797E41D0FD7D900F9F5A7 /* Znikomit.otf */,
				B23797D71D0FD7CA00F9F5A7 /* Graphics */,
				5C2079F91CCF7DB0007A5F21 /* Assets.xcassets */,
			);
			path = Resources;
			sourceTree = "<group>";
		};
		B23797971D0FD4B400F9F5A7 /* Views */ = {
			isa = PBXGroup;
			children = (
				B2507A461D1D36DB007921E8 /* MessageView.h */,
				B2507A451D1D36DB007921E8 /* MessageView.m */,
				B2507A481D1D36DC007921E8 /* ImageView.h */,
				B2507A471D1D36DB007921E8 /* ImageView.m */,
				B2507A4A1D1D36DC007921E8 /* ProgressView.h */,
				B2507A491D1D36DC007921E8 /* ProgressView.m */,
				B23797981D0FD4D900F9F5A7 /* TableViewCells */,
			);
			path = Views;
			sourceTree = "<group>";
		};
		B23797981D0FD4D900F9F5A7 /* TableViewCells */ = {
			isa = PBXGroup;
			children = (
				B23797991D0FD4D900F9F5A7 /* channelMemberActivityTableViewCell.h */,
				B237979A1D0FD4D900F9F5A7 /* channelMemberActivityTableViewCell.m */,
				B237979B1D0FD4D900F9F5A7 /* IncomingMessageCell.h */,
				B237979C1D0FD4D900F9F5A7 /* IncomingMessageCell.m */,
				B237979D1D0FD4D900F9F5A7 /* OutGoingMessagesCell.h */,
				B237979E1D0FD4D900F9F5A7 /* OutGoingMessagesCell.m */,
				B2FBD4001D1156DA00AC2495 /* ContactListTVC.h */,
				B2FBD4011D1156DA00AC2495 /* ContactListTVC.m */,
			);
			path = TableViewCells;
			sourceTree = "<group>";
		};
		B23797A21D0FD52E00F9F5A7 /* Handlers */ = {
			isa = PBXGroup;
			children = (
				B273E9321D190B070045020C /* FileHandler */,
				B23797C21D0FD6E500F9F5A7 /* VoiceStreamHandler */,
				B23797B31D0FD5AA00F9F5A7 /* TCPConnectionHandler */,
				B23797B61D0FD5AA00F9F5A7 /* UDP ConnectionHandler */,
				B23797A31D0FD56B00F9F5A7 /* AudioFileHandler */,
				B23797A61D0FD56B00F9F5A7 /* ChannelHandler */,
				B23797A91D0FD56B00F9F5A7 /* ChatHandler */,
				B23797AC1D0FD56B00F9F5A7 /* MessageHandler */,
			);
			path = Handlers;
			sourceTree = "<group>";
		};
		B23797A31D0FD56B00F9F5A7 /* AudioFileHandler */ = {
			isa = PBXGroup;
			children = (
				B23797A41D0FD56B00F9F5A7 /* AudioFileHandler.h */,
				B23797A51D0FD56B00F9F5A7 /* AudioFileHandler.m */,
			);
			path = AudioFileHandler;
			sourceTree = "<group>";
		};
		B23797A61D0FD56B00F9F5A7 /* ChannelHandler */ = {
			isa = PBXGroup;
			children = (
				B23797A71D0FD56B00F9F5A7 /* ChannelHandler.h */,
				B23797A81D0FD56B00F9F5A7 /* ChannelHandler.m */,
			);
			path = ChannelHandler;
			sourceTree = "<group>";
		};
		B23797A91D0FD56B00F9F5A7 /* ChatHandler */ = {
			isa = PBXGroup;
			children = (
				B23797AA1D0FD56B00F9F5A7 /* ChatHandler.h */,
				B23797AB1D0FD56B00F9F5A7 /* ChatHandler.m */,
			);
			path = ChatHandler;
			sourceTree = "<group>";
		};
		B23797AC1D0FD56B00F9F5A7 /* MessageHandler */ = {
			isa = PBXGroup;
			children = (
				B23797AD1D0FD56B00F9F5A7 /* MessageHandler.h */,
				B23797AE1D0FD56B00F9F5A7 /* MessageHandler.m */,
			);
			path = MessageHandler;
			sourceTree = "<group>";
		};
		B23797B31D0FD5AA00F9F5A7 /* TCPConnectionHandler */ = {
			isa = PBXGroup;
			children = (
				B23797B41D0FD5AA00F9F5A7 /* asyncTCPConnectionHandler.h */,
				B23797B51D0FD5AA00F9F5A7 /* asyncTCPConnectionHandler.m */,
			);
			path = TCPConnectionHandler;
			sourceTree = "<group>";
		};
		B23797B61D0FD5AA00F9F5A7 /* UDP ConnectionHandler */ = {
			isa = PBXGroup;
			children = (
				B23797B71D0FD5AA00F9F5A7 /* asyncUDPConnectionHandler.h */,
				B23797B81D0FD5AA00F9F5A7 /* asyncUDPConnectionHandler.m */,
			);
			path = "UDP ConnectionHandler";
			sourceTree = "<group>";
		};
		B23797BB1D0FD6BA00F9F5A7 /* AudioStreamRecorderTest */ = {
			isa = PBXGroup;
			children = (
				B23797BC1D0FD6BA00F9F5A7 /* AudioRecorderTest.h */,
				B23797BD1D0FD6BA00F9F5A7 /* AudioRecorderTest.m */,
				B23797BE1D0FD6BA00F9F5A7 /* AudioRecorderTest_StreamPlayer.h */,
				B23797BF1D0FD6BA00F9F5A7 /* AudioRecorderTest_StreamPlayer.m */,
			);
			path = AudioStreamRecorderTest;
			sourceTree = "<group>";
		};
		B23797C21D0FD6E500F9F5A7 /* VoiceStreamHandler */ = {
			isa = PBXGroup;
			children = (
				B23797C31D0FD6E500F9F5A7 /* VoiceStreamHandler.h */,
				B23797C41D0FD6E500F9F5A7 /* VoiceStreamHandler.m */,
				B23797C51D0FD6E500F9F5A7 /* VoiceStreamPlayerHandler.h */,
				B23797C61D0FD6E500F9F5A7 /* VoiceStreamPlayerHandler.m */,
			);
			path = VoiceStreamHandler;
			sourceTree = "<group>";
		};
		B23797CA1D0FD78500F9F5A7 /* ClientDataModel */ = {
			isa = PBXGroup;
			children = (
				B23797CB1D0FD78500F9F5A7 /* Channel.h */,
				B23797CC1D0FD78500F9F5A7 /* Channel.m */,
				B23797CD1D0FD78500F9F5A7 /* MessageData.h */,
				B23797CE1D0FD78500F9F5A7 /* MessageData.m */,
				B23797CF1D0FD78500F9F5A7 /* User.h */,
				B23797D01D0FD78500F9F5A7 /* User.m */,
				B2FBD3FD1D113BF700AC2495 /* UserHandler.h */,
				B2FBD3FE1D113BF700AC2495 /* UserHandler.m */,
				B24095881D17EE2A0040DE16 /* ChannelManager.h */,
				B24095891D17EE2A0040DE16 /* ChannelManager.m */,
				B23797D11D0FD78500F9F5A7 /* UserDataModel.h */,
				B23797D21D0FD78500F9F5A7 /* UserDataModel.m */,
				B25F5A4E1D20FCCA00C37B9F /* ProgressObserver.h */,
				B25F5A4F1D20FCCA00C37B9F /* ProgressObserver.m */,
			);
			path = ClientDataModel;
			sourceTree = "<group>";
		};
		B23797D71D0FD7CA00F9F5A7 /* Graphics */ = {
			isa = PBXGroup;
			children = (
				B23797D81D0FD7CA00F9F5A7 /* ic_back.png */,
				B23797D91D0FD7CA00F9F5A7 /* ic_channel_create.png */,
				B23797DA1D0FD7CA00F9F5A7 /* ic_channel_join.png */,
				B23797DB1D0FD7CA00F9F5A7 /* ic_info.png */,
				B23797DC1D0FD7CA00F9F5A7 /* ic_public_channel.png */,
				B23797DD1D0FD7CA00F9F5A7 /* SplashScreen.png */,
			);
			path = Graphics;
			sourceTree = "<group>";
		};
		B23797E51D1129D500F9F5A7 /* ContactListVC */ = {
			isa = PBXGroup;
			children = (
				B23797E61D1129FE00F9F5A7 /* ContactListVC.h */,
				B23797E71D1129FE00F9F5A7 /* ContactListVC.m */,
			);
			path = ContactListVC;
			sourceTree = "<group>";
		};
		B273E9321D190B070045020C /* FileHandler */ = {
			isa = PBXGroup;
			children = (
				B273E9331D190B160045020C /* FileHandler.h */,
				B273E9341D190B160045020C /* FileHandler.m */,
			);
			path = FileHandler;
			sourceTree = "<group>";
		};
		EB939EF5D9CCB4A3C8A71314 /* Pods */ = {
			isa = PBXGroup;
			children = (
				FDE5C871A6A380334B15EF9D /* Pods-SocketTest_walkieTalkie.debug.xcconfig */,
				C4EFF460277EBE1426537B4F /* Pods-SocketTest_walkieTalkie.release.xcconfig */,
			);
			name = Pods;
			sourceTree = "<group>";
		};
/* End PBXGroup section */

/* Begin PBXNativeTarget section */
		5C12E1631CE4368800F0EE61 /* Wallet */ = {
			isa = PBXNativeTarget;
			buildConfigurationList = 5C12E1781CE4368800F0EE61 /* Build configuration list for PBXNativeTarget "Wallet" */;
			buildPhases = (
				5C12E1601CE4368800F0EE61 /* Sources */,
				5C12E1611CE4368800F0EE61 /* Frameworks */,
				5C12E1621CE4368800F0EE61 /* Resources */,
			);
			buildRules = (
			);
			dependencies = (
			);
			name = Wallet;
			productName = Wallet;
			productReference = 5C12E1641CE4368800F0EE61 /* Wallet.app */;
			productType = "com.apple.product-type.application";
		};
		5C2079E91CCF7DB0007A5F21 /* SocketTest_walkieTalkie */ = {
			isa = PBXNativeTarget;
			buildConfigurationList = 5C207A011CCF7DB0007A5F21 /* Build configuration list for PBXNativeTarget "SocketTest_walkieTalkie" */;
			buildPhases = (
				AB5BC62D01D1C36A78DF3F5D /* Check Pods Manifest.lock */,
				5C2079E61CCF7DB0007A5F21 /* Sources */,
				5C2079E71CCF7DB0007A5F21 /* Frameworks */,
				5C2079E81CCF7DB0007A5F21 /* Resources */,
				5C207A081CCF8048007A5F21 /* Embed Frameworks */,
				6DF514B0178653A9371C11CD /* Embed Pods Frameworks */,
				59C3E6A8547132F92CBDD487 /* Copy Pods Resources */,
			);
			buildRules = (
			);
			dependencies = (
			);
			name = SocketTest_walkieTalkie;
			productName = SocketTest_walkieTalkie;
			productReference = 5C2079EA1CCF7DB0007A5F21 /* WalkieTalkie.app */;
			productType = "com.apple.product-type.application";
		};
/* End PBXNativeTarget section */

/* Begin PBXProject section */
		5C2079E21CCF7DB0007A5F21 /* Project object */ = {
			isa = PBXProject;
			attributes = {
				LastUpgradeCheck = 0720;
				ORGANIZATIONNAME = "salahuddin yousuf";
				TargetAttributes = {
					5C12E1631CE4368800F0EE61 = {
						CreatedOnToolsVersion = 7.2;
					};
					5C2079E91CCF7DB0007A5F21 = {
						CreatedOnToolsVersion = 7.2;
						DevelopmentTeam = 3TC5LJ6B2U;
					};
				};
			};
			buildConfigurationList = 5C2079E51CCF7DB0007A5F21 /* Build configuration list for PBXProject "SocketTest_walkieTalkie" */;
			compatibilityVersion = "Xcode 3.2";
			developmentRegion = English;
			hasScannedForEncodings = 0;
			knownRegions = (
				en,
				Base,
			);
			mainGroup = 5C2079E11CCF7DB0007A5F21;
			productRefGroup = 5C2079EB1CCF7DB0007A5F21 /* Products */;
			projectDirPath = "";
			projectRoot = "";
			targets = (
				5C2079E91CCF7DB0007A5F21 /* SocketTest_walkieTalkie */,
				5C12E1631CE4368800F0EE61 /* Wallet */,
			);
		};
/* End PBXProject section */

/* Begin PBXResourcesBuildPhase section */
		5C12E1621CE4368800F0EE61 /* Resources */ = {
			isa = PBXResourcesBuildPhase;
			buildActionMask = 2147483647;
			files = (
			);
			runOnlyForDeploymentPostprocessing = 0;
		};
		5C2079E81CCF7DB0007A5F21 /* Resources */ = {
			isa = PBXResourcesBuildPhase;
			buildActionMask = 2147483647;
			files = (
				5C2079FD1CCF7DB0007A5F21 /* LaunchScreen.storyboard in Resources */,
				B23797E11D0FD7CA00F9F5A7 /* ic_info.png in Resources */,
				B23797E21D0FD7CA00F9F5A7 /* ic_public_channel.png in Resources */,
				B23797E01D0FD7CA00F9F5A7 /* ic_channel_join.png in Resources */,
				5C2079FA1CCF7DB0007A5F21 /* Assets.xcassets in Resources */,
				B23797DE1D0FD7CA00F9F5A7 /* ic_back.png in Resources */,
				5C2079F81CCF7DB0007A5F21 /* Main.storyboard in Resources */,
				B23797E31D0FD7CA00F9F5A7 /* SplashScreen.png in Resources */,
				B23797DF1D0FD7CA00F9F5A7 /* ic_channel_create.png in Resources */,
			);
			runOnlyForDeploymentPostprocessing = 0;
		};
/* End PBXResourcesBuildPhase section */

/* Begin PBXShellScriptBuildPhase section */
		59C3E6A8547132F92CBDD487 /* Copy Pods Resources */ = {
			isa = PBXShellScriptBuildPhase;
			buildActionMask = 2147483647;
			files = (
			);
			inputPaths = (
			);
			name = "Copy Pods Resources";
			outputPaths = (
			);
			runOnlyForDeploymentPostprocessing = 0;
			shellPath = /bin/sh;
			shellScript = "\"${SRCROOT}/Pods/Target Support Files/Pods-SocketTest_walkieTalkie/Pods-SocketTest_walkieTalkie-resources.sh\"\n";
			showEnvVarsInLog = 0;
		};
		6DF514B0178653A9371C11CD /* Embed Pods Frameworks */ = {
			isa = PBXShellScriptBuildPhase;
			buildActionMask = 2147483647;
			files = (
			);
			inputPaths = (
			);
			name = "Embed Pods Frameworks";
			outputPaths = (
			);
			runOnlyForDeploymentPostprocessing = 0;
			shellPath = /bin/sh;
			shellScript = "\"${SRCROOT}/Pods/Target Support Files/Pods-SocketTest_walkieTalkie/Pods-SocketTest_walkieTalkie-frameworks.sh\"\n";
			showEnvVarsInLog = 0;
		};
		AB5BC62D01D1C36A78DF3F5D /* Check Pods Manifest.lock */ = {
			isa = PBXShellScriptBuildPhase;
			buildActionMask = 2147483647;
			files = (
			);
			inputPaths = (
			);
			name = "Check Pods Manifest.lock";
			outputPaths = (
			);
			runOnlyForDeploymentPostprocessing = 0;
			shellPath = /bin/sh;
			shellScript = "diff \"${PODS_ROOT}/../Podfile.lock\" \"${PODS_ROOT}/Manifest.lock\" > /dev/null\nif [[ $? != 0 ]] ; then\n    cat << EOM\nerror: The sandbox is not in sync with the Podfile.lock. Run 'pod install' or update your CocoaPods installation.\nEOM\n    exit 1\nfi\n";
			showEnvVarsInLog = 0;
		};
/* End PBXShellScriptBuildPhase section */

/* Begin PBXSourcesBuildPhase section */
		5C12E1601CE4368800F0EE61 /* Sources */ = {
			isa = PBXSourcesBuildPhase;
			buildActionMask = 2147483647;
			files = (
			);
			runOnlyForDeploymentPostprocessing = 0;
		};
		5C2079E61CCF7DB0007A5F21 /* Sources */ = {
			isa = PBXSourcesBuildPhase;
			buildActionMask = 2147483647;
			files = (
				B237979F1D0FD4D900F9F5A7 /* channelMemberActivityTableViewCell.m in Sources */,
				B23797D31D0FD78500F9F5A7 /* Channel.m in Sources */,
				B23797AF1D0FD56B00F9F5A7 /* AudioFileHandler.m in Sources */,
				B23797C81D0FD6E500F9F5A7 /* VoiceStreamPlayerHandler.m in Sources */,
				B23797E81D1129FE00F9F5A7 /* ContactListVC.m in Sources */,
				B23797D61D0FD78500F9F5A7 /* UserDataModel.m in Sources */,
				B23797C01D0FD6BA00F9F5A7 /* AudioRecorderTest.m in Sources */,
				B23797A11D0FD4D900F9F5A7 /* OutGoingMessagesCell.m in Sources */,
				5C2079F21CCF7DB0007A5F21 /* AppDelegate.m in Sources */,
				B237977A1D0FD1B200F9F5A7 /* StartPageViewController.m in Sources */,
				B25F5A501D20FCCA00C37B9F /* ProgressObserver.m in Sources */,
				B23797791D0FD1B200F9F5A7 /* JoinChannelViewController.m in Sources */,
				B23797B01D0FD56B00F9F5A7 /* ChannelHandler.m in Sources */,
				B23797781D0FD1B200F9F5A7 /* CreateChannelViewController.m in Sources */,
				B2507A4D1D1D36DC007921E8 /* ProgressView.m in Sources */,
				B23797C71D0FD6E500F9F5A7 /* VoiceStreamHandler.m in Sources */,
				B23797D51D0FD78500F9F5A7 /* User.m in Sources */,
				B23797B21D0FD56B00F9F5A7 /* MessageHandler.m in Sources */,
				B2507A4C1D1D36DC007921E8 /* ImageView.m in Sources */,
				B23797B11D0FD56B00F9F5A7 /* ChatHandler.m in Sources */,
				B23797B91D0FD5AA00F9F5A7 /* asyncTCPConnectionHandler.m in Sources */,
				B273E9351D190B160045020C /* FileHandler.m in Sources */,
				B2FBD4021D1156DA00AC2495 /* ContactListTVC.m in Sources */,
				B23797BA1D0FD5AA00F9F5A7 /* asyncUDPConnectionHandler.m in Sources */,
				B23797D41D0FD78500F9F5A7 /* MessageData.m in Sources */,
				B2FBD3FF1D113BF700AC2495 /* UserHandler.m in Sources */,
				B23797A01D0FD4D900F9F5A7 /* IncomingMessageCell.m in Sources */,
				B23797C11D0FD6BA00F9F5A7 /* AudioRecorderTest_StreamPlayer.m in Sources */,
				5C2079EF1CCF7DB0007A5F21 /* main.m in Sources */,
				B2507A4B1D1D36DC007921E8 /* MessageView.m in Sources */,
				B240958A1D17EE2A0040DE16 /* ChannelManager.m in Sources */,
				B23797771D0FD1B200F9F5A7 /* ChatViewController.m in Sources */,
			);
			runOnlyForDeploymentPostprocessing = 0;
		};
/* End PBXSourcesBuildPhase section */

/* Begin PBXVariantGroup section */
		5C2079F61CCF7DB0007A5F21 /* Main.storyboard */ = {
			isa = PBXVariantGroup;
			children = (
				5C2079F71CCF7DB0007A5F21 /* Base */,
			);
			name = Main.storyboard;
			sourceTree = "<group>";
		};
		5C2079FB1CCF7DB0007A5F21 /* LaunchScreen.storyboard */ = {
			isa = PBXVariantGroup;
			children = (
				5C2079FC1CCF7DB0007A5F21 /* Base */,
			);
			name = LaunchScreen.storyboard;
			sourceTree = "<group>";
		};
/* End PBXVariantGroup section */

/* Begin XCBuildConfiguration section */
		5C12E1791CE4368800F0EE61 /* Debug */ = {
			isa = XCBuildConfiguration;
			buildSettings = {
				ASSETCATALOG_COMPILER_APPICON_NAME = AppIcon;
				INFOPLIST_FILE = Wallet/Info.plist;
				LD_RUNPATH_SEARCH_PATHS = "$(inherited) @executable_path/Frameworks";
				PRODUCT_BUNDLE_IDENTIFIER = com.SSLWireless.Wallet;
				PRODUCT_NAME = "$(TARGET_NAME)";
			};
			name = Debug;
		};
		5C12E17A1CE4368800F0EE61 /* Release */ = {
			isa = XCBuildConfiguration;
			buildSettings = {
				ASSETCATALOG_COMPILER_APPICON_NAME = AppIcon;
				INFOPLIST_FILE = Wallet/Info.plist;
				LD_RUNPATH_SEARCH_PATHS = "$(inherited) @executable_path/Frameworks";
				PRODUCT_BUNDLE_IDENTIFIER = com.SSLWireless.Wallet;
				PRODUCT_NAME = "$(TARGET_NAME)";
			};
			name = Release;
		};
		5C2079FF1CCF7DB0007A5F21 /* Debug */ = {
			isa = XCBuildConfiguration;
			buildSettings = {
				ALWAYS_SEARCH_USER_PATHS = NO;
				CLANG_CXX_LANGUAGE_STANDARD = "gnu++0x";
				CLANG_CXX_LIBRARY = "libc++";
				CLANG_ENABLE_MODULES = YES;
				CLANG_ENABLE_OBJC_ARC = YES;
				CLANG_WARN_BOOL_CONVERSION = YES;
				CLANG_WARN_CONSTANT_CONVERSION = YES;
				CLANG_WARN_DIRECT_OBJC_ISA_USAGE = YES_ERROR;
				CLANG_WARN_EMPTY_BODY = YES;
				CLANG_WARN_ENUM_CONVERSION = YES;
				CLANG_WARN_INT_CONVERSION = YES;
				CLANG_WARN_OBJC_ROOT_CLASS = YES_ERROR;
				CLANG_WARN_UNREACHABLE_CODE = YES;
				CLANG_WARN__DUPLICATE_METHOD_MATCH = YES;
				"CODE_SIGN_IDENTITY[sdk=iphoneos*]" = "iPhone Developer";
				COPY_PHASE_STRIP = NO;
				DEBUG_INFORMATION_FORMAT = dwarf;
				ENABLE_STRICT_OBJC_MSGSEND = YES;
				ENABLE_TESTABILITY = YES;
				GCC_C_LANGUAGE_STANDARD = gnu99;
				GCC_DYNAMIC_NO_PIC = NO;
				GCC_NO_COMMON_BLOCKS = YES;
				GCC_OPTIMIZATION_LEVEL = 0;
				GCC_PREPROCESSOR_DEFINITIONS = (
					"DEBUG=1",
					"$(inherited)",
				);
				GCC_WARN_64_TO_32_BIT_CONVERSION = YES;
				GCC_WARN_ABOUT_RETURN_TYPE = YES_ERROR;
				GCC_WARN_UNDECLARED_SELECTOR = YES;
				GCC_WARN_UNINITIALIZED_AUTOS = YES_AGGRESSIVE;
				GCC_WARN_UNUSED_FUNCTION = YES;
				GCC_WARN_UNUSED_VARIABLE = YES;
				IPHONEOS_DEPLOYMENT_TARGET = 9.2;
				MTL_ENABLE_DEBUG_INFO = YES;
				ONLY_ACTIVE_ARCH = YES;
				SDKROOT = iphoneos;
				TARGETED_DEVICE_FAMILY = "1,2";
			};
			name = Debug;
		};
		5C207A001CCF7DB0007A5F21 /* Release */ = {
			isa = XCBuildConfiguration;
			buildSettings = {
				ALWAYS_SEARCH_USER_PATHS = NO;
				CLANG_CXX_LANGUAGE_STANDARD = "gnu++0x";
				CLANG_CXX_LIBRARY = "libc++";
				CLANG_ENABLE_MODULES = YES;
				CLANG_ENABLE_OBJC_ARC = YES;
				CLANG_WARN_BOOL_CONVERSION = YES;
				CLANG_WARN_CONSTANT_CONVERSION = YES;
				CLANG_WARN_DIRECT_OBJC_ISA_USAGE = YES_ERROR;
				CLANG_WARN_EMPTY_BODY = YES;
				CLANG_WARN_ENUM_CONVERSION = YES;
				CLANG_WARN_INT_CONVERSION = YES;
				CLANG_WARN_OBJC_ROOT_CLASS = YES_ERROR;
				CLANG_WARN_UNREACHABLE_CODE = YES;
				CLANG_WARN__DUPLICATE_METHOD_MATCH = YES;
				"CODE_SIGN_IDENTITY[sdk=iphoneos*]" = "iPhone Developer";
				COPY_PHASE_STRIP = NO;
				DEBUG_INFORMATION_FORMAT = "dwarf-with-dsym";
				ENABLE_NS_ASSERTIONS = NO;
				ENABLE_STRICT_OBJC_MSGSEND = YES;
				GCC_C_LANGUAGE_STANDARD = gnu99;
				GCC_NO_COMMON_BLOCKS = YES;
				GCC_WARN_64_TO_32_BIT_CONVERSION = YES;
				GCC_WARN_ABOUT_RETURN_TYPE = YES_ERROR;
				GCC_WARN_UNDECLARED_SELECTOR = YES;
				GCC_WARN_UNINITIALIZED_AUTOS = YES_AGGRESSIVE;
				GCC_WARN_UNUSED_FUNCTION = YES;
				GCC_WARN_UNUSED_VARIABLE = YES;
				IPHONEOS_DEPLOYMENT_TARGET = 9.2;
				MTL_ENABLE_DEBUG_INFO = NO;
				SDKROOT = iphoneos;
				TARGETED_DEVICE_FAMILY = "1,2";
				VALIDATE_PRODUCT = YES;
			};
			name = Release;
		};
		5C207A021CCF7DB0007A5F21 /* Debug */ = {
			isa = XCBuildConfiguration;
			baseConfigurationReference = FDE5C871A6A380334B15EF9D /* Pods-SocketTest_walkieTalkie.debug.xcconfig */;
			buildSettings = {
				ASSETCATALOG_COMPILER_APPICON_NAME = AppIcon;
				CODE_SIGN_IDENTITY = "iPhone Developer: Abdullah Al Mahmood (Z92ZJ7WG7F)";
				FRAMEWORK_SEARCH_PATHS = (
					"$(inherited)",
					"$(PROJECT_DIR)/SocketTest_walkieTalkie/AsyncSocket",
				);
				GCC_PREFIX_HEADER = walkieTalkie.pch;
				INFOPLIST_FILE = SocketTest_walkieTalkie/Info.plist;
				IPHONEOS_DEPLOYMENT_TARGET = 8.2;
				LD_RUNPATH_SEARCH_PATHS = "$(inherited) @executable_path/Frameworks";
				PRODUCT_BUNDLE_IDENTIFIER = com.siliconOrchard.walkieTalkie;
				PRODUCT_NAME = WalkieTalkie;
				PROVISIONING_PROFILE = "e3253401-c74c-4eeb-8ffd-b091c0b40907";
				TARGETED_DEVICE_FAMILY = "1,2";
			};
			name = Debug;
		};
		5C207A031CCF7DB0007A5F21 /* Release */ = {
			isa = XCBuildConfiguration;
			baseConfigurationReference = C4EFF460277EBE1426537B4F /* Pods-SocketTest_walkieTalkie.release.xcconfig */;
			buildSettings = {
				ASSETCATALOG_COMPILER_APPICON_NAME = AppIcon;
				CODE_SIGN_IDENTITY = "iPhone Developer: Abdullah Al Mahmood (Z92ZJ7WG7F)";
				FRAMEWORK_SEARCH_PATHS = (
					"$(inherited)",
					"$(PROJECT_DIR)/SocketTest_walkieTalkie/AsyncSocket",
				);
				GCC_PREFIX_HEADER = walkieTalkie.pch;
				INFOPLIST_FILE = SocketTest_walkieTalkie/Info.plist;
				IPHONEOS_DEPLOYMENT_TARGET = 8.2;
				LD_RUNPATH_SEARCH_PATHS = "$(inherited) @executable_path/Frameworks";
				PRODUCT_BUNDLE_IDENTIFIER = com.siliconOrchard.walkieTalkie;
				PRODUCT_NAME = WalkieTalkie;
				PROVISIONING_PROFILE = "e3253401-c74c-4eeb-8ffd-b091c0b40907";
				TARGETED_DEVICE_FAMILY = "1,2";
			};
			name = Release;
		};
/* End XCBuildConfiguration section */

/* Begin XCConfigurationList section */
		5C12E1781CE4368800F0EE61 /* Build configuration list for PBXNativeTarget "Wallet" */ = {
			isa = XCConfigurationList;
			buildConfigurations = (
				5C12E1791CE4368800F0EE61 /* Debug */,
				5C12E17A1CE4368800F0EE61 /* Release */,
			);
			defaultConfigurationIsVisible = 0;
			defaultConfigurationName = Release;
		};
		5C2079E51CCF7DB0007A5F21 /* Build configuration list for PBXProject "SocketTest_walkieTalkie" */ = {
			isa = XCConfigurationList;
			buildConfigurations = (
				5C2079FF1CCF7DB0007A5F21 /* Debug */,
				5C207A001CCF7DB0007A5F21 /* Release */,
			);
			defaultConfigurationIsVisible = 0;
			defaultConfigurationName = Release;
		};
		5C207A011CCF7DB0007A5F21 /* Build configuration list for PBXNativeTarget "SocketTest_walkieTalkie" */ = {
			isa = XCConfigurationList;
			buildConfigurations = (
				5C207A021CCF7DB0007A5F21 /* Debug */,
				5C207A031CCF7DB0007A5F21 /* Release */,
			);
			defaultConfigurationIsVisible = 0;
			defaultConfigurationName = Release;
		};
/* End XCConfigurationList section */
	};
	rootObject = 5C2079E21CCF7DB0007A5F21 /* Project object */;
}
